<?xml version="1.0" encoding="UTF-8"?>
<!DOCTYPE plist PUBLIC "-//Apple//DTD PLIST 1.0//EN" "http://www.apple.com/DTDs/PropertyList-1.0.dtd">
<plist version="1.0">
<dict>
	<key>archiveVersion</key>
	<string>1</string>
	<key>classes</key>
	<dict/>
	<key>objectVersion</key>
	<string>46</string>
	<key>objects</key>
	<dict>
		<key>10A33F26C779658596893AF4</key>
		<dict>
			<key>fileRef</key>
			<string>688696C0108168A4C9C4A042</string>
			<key>isa</key>
			<string>PBXBuildFile</string>
		</dict>
		<key>15BB86CE85D81E31863F7189</key>
		<dict>
			<key>children</key>
			<array>
				<string>BFB3DC2249730365A638F60E</string>
				<string>9ED7AE830D1A65F656337C54</string>
			</array>
			<key>isa</key>
			<string>PBXGroup</string>
			<key>name</key>
			<string>Pods</string>
			<key>sourceTree</key>
			<string>&lt;group&gt;</string>
		</dict>
		<key>4B9C8C9081C641A7BD7325E1</key>
		<dict>
			<key>buildActionMask</key>
			<string>2147483647</string>
			<key>files</key>
			<array/>
			<key>inputPaths</key>
			<array/>
			<key>isa</key>
			<string>PBXShellScriptBuildPhase</string>
			<key>name</key>
			<string>Copy Pods Resources</string>
			<key>outputPaths</key>
			<array/>
			<key>runOnlyForDeploymentPostprocessing</key>
			<string>0</string>
			<key>shellPath</key>
			<string>/bin/sh</string>
			<key>shellScript</key>
			<string>"${SRCROOT}/Pods/Target Support Files/Pods/Pods-resources.sh"
</string>
			<key>showEnvVarsInLog</key>
			<string>0</string>
		</dict>
		<key>4F18596C1CAEBF7E0047DA74</key>
		<dict>
			<key>fileEncoding</key>
			<string>4</string>
			<key>isa</key>
			<string>PBXFileReference</string>
			<key>lastKnownFileType</key>
			<string>file.storyboard</string>
			<key>path</key>
			<string>Launch Screen.storyboard</string>
			<key>sourceTree</key>
			<string>&lt;group&gt;</string>
		</dict>
		<key>4F18596D1CAEBF7E0047DA74</key>
		<dict>
			<key>fileRef</key>
			<string>4F18596C1CAEBF7E0047DA74</string>
			<key>isa</key>
			<string>PBXBuildFile</string>
		</dict>
		<key>56527D868AA1535DCB8EEF05</key>
		<dict>
			<key>buildActionMask</key>
			<string>2147483647</string>
			<key>files</key>
			<array/>
			<key>inputPaths</key>
			<array/>
			<key>isa</key>
			<string>PBXShellScriptBuildPhase</string>
			<key>name</key>
			<string>Embed Pods Frameworks</string>
			<key>outputPaths</key>
			<array/>
			<key>runOnlyForDeploymentPostprocessing</key>
			<string>0</string>
			<key>shellPath</key>
			<string>/bin/sh</string>
			<key>shellScript</key>
			<string>"${SRCROOT}/Pods/Target Support Files/Pods/Pods-frameworks.sh"
</string>
			<key>showEnvVarsInLog</key>
			<string>0</string>
		</dict>
		<key>688696C0108168A4C9C4A042</key>
		<dict>
			<key>explicitFileType</key>
			<string>wrapper.framework</string>
			<key>includeInIndex</key>
			<string>0</string>
			<key>isa</key>
			<string>PBXFileReference</string>
			<key>path</key>
			<string>Pods.framework</string>
			<key>sourceTree</key>
			<string>BUILT_PRODUCTS_DIR</string>
		</dict>
		<key>728550B1193E52510032A754</key>
		<dict>
			<key>children</key>
			<array>
				<string>728550B2193E52740032A754</string>
				<string>728550B3193E52740032A754</string>
				<string>728550B4193E52740032A754</string>
			</array>
			<key>isa</key>
			<string>PBXGroup</string>
			<key>path</key>
			<string>Util</string>
			<key>sourceTree</key>
			<string>&lt;group&gt;</string>
		</dict>
		<key>728550B2193E52740032A754</key>
		<dict>
			<key>fileEncoding</key>
			<string>4</string>
			<key>isa</key>
			<string>PBXFileReference</string>
			<key>lastKnownFileType</key>
			<string>sourcecode.c.h</string>
			<key>path</key>
			<string>CEReactiveView.h</string>
			<key>sourceTree</key>
			<string>&lt;group&gt;</string>
		</dict>
		<key>728550B3193E52740032A754</key>
		<dict>
			<key>fileEncoding</key>
			<string>4</string>
			<key>isa</key>
			<string>PBXFileReference</string>
			<key>lastKnownFileType</key>
			<string>sourcecode.c.h</string>
			<key>path</key>
			<string>CETableViewBindingHelper.h</string>
			<key>sourceTree</key>
			<string>&lt;group&gt;</string>
		</dict>
		<key>728550B4193E52740032A754</key>
		<dict>
			<key>fileEncoding</key>
			<string>4</string>
			<key>isa</key>
			<string>PBXFileReference</string>
			<key>lastKnownFileType</key>
			<string>sourcecode.c.objc</string>
			<key>path</key>
			<string>CETableViewBindingHelper.m</string>
			<key>sourceTree</key>
			<string>&lt;group&gt;</string>
		</dict>
		<key>728550B5193E52740032A754</key>
		<dict>
			<key>fileRef</key>
			<string>728550B4193E52740032A754</string>
			<key>isa</key>
			<string>PBXBuildFile</string>
		</dict>
		<key>72E40163192BFFCE00354806</key>
		<dict>
			<key>children</key>
			<array>
				<string>72E40175192BFFCE00354806</string>
				<string>72E40194192BFFCE00354806</string>
				<string>72E4016E192BFFCE00354806</string>
				<string>72E4016D192BFFCE00354806</string>
				<string>15BB86CE85D81E31863F7189</string>
			</array>
			<key>isa</key>
			<string>PBXGroup</string>
			<key>sourceTree</key>
			<string>&lt;group&gt;</string>
		</dict>
		<key>72E40164192BFFCE00354806</key>
		<dict>
			<key>attributes</key>
			<dict>
				<key>CLASSPREFIX</key>
				<string>RWT</string>
				<key>LastUpgradeCheck</key>
				<string>0730</string>
				<key>ORGANIZATIONNAME</key>
				<string>Colin Eberhardt</string>
				<key>TargetAttributes</key>
				<dict>
					<key>72E4018C192BFFCE00354806</key>
					<dict>
						<key>TestTargetID</key>
						<string>72E4016B192BFFCE00354806</string>
					</dict>
				</dict>
			</dict>
			<key>buildConfigurationList</key>
			<string>72E40167192BFFCE00354806</string>
			<key>compatibilityVersion</key>
			<string>Xcode 3.2</string>
			<key>developmentRegion</key>
			<string>English</string>
			<key>hasScannedForEncodings</key>
			<string>0</string>
			<key>isa</key>
			<string>PBXProject</string>
			<key>knownRegions</key>
			<array>
				<string>en</string>
				<string>Base</string>
			</array>
			<key>mainGroup</key>
			<string>72E40163192BFFCE00354806</string>
			<key>productRefGroup</key>
			<string>72E4016D192BFFCE00354806</string>
			<key>projectDirPath</key>
			<string></string>
			<key>projectReferences</key>
			<array/>
			<key>projectRoot</key>
			<string></string>
			<key>targets</key>
			<array>
				<string>72E4016B192BFFCE00354806</string>
				<string>72E4018C192BFFCE00354806</string>
			</array>
		</dict>
		<key>72E40167192BFFCE00354806</key>
		<dict>
			<key>buildConfigurations</key>
			<array>
				<string>72E4019C192BFFCE00354806</string>
				<string>72E4019D192BFFCE00354806</string>
			</array>
			<key>defaultConfigurationIsVisible</key>
			<string>0</string>
			<key>defaultConfigurationName</key>
			<string>Release</string>
			<key>isa</key>
			<string>XCConfigurationList</string>
		</dict>
		<key>72E40168192BFFCE00354806</key>
		<dict>
			<key>buildActionMask</key>
			<string>2147483647</string>
			<key>files</key>
			<array>
				<string>72E40180192BFFCE00354806</string>
				<string>72E401BE192C050F00354806</string>
				<string>72E401B7192C03AB00354806</string>
				<string>72E4017C192BFFCE00354806</string>
				<string>72E401B9192C03AB00354806</string>
				<string>728550B5193E52740032A754</string>
				<string>72E401B4192C03AB00354806</string>
			</array>
			<key>isa</key>
			<string>PBXSourcesBuildPhase</string>
			<key>runOnlyForDeploymentPostprocessing</key>
			<string>0</string>
		</dict>
		<key>72E40169192BFFCE00354806</key>
		<dict>
			<key>buildActionMask</key>
			<string>2147483647</string>
			<key>files</key>
			<array>
				<string>72E40172192BFFCE00354806</string>
				<string>72E40174192BFFCE00354806</string>
				<string>72E40170192BFFCE00354806</string>
				<string>10A33F26C779658596893AF4</string>
			</array>
			<key>isa</key>
			<string>PBXFrameworksBuildPhase</string>
			<key>runOnlyForDeploymentPostprocessing</key>
			<string>0</string>
		</dict>
		<key>72E4016A192BFFCE00354806</key>
		<dict>
			<key>buildActionMask</key>
			<string>2147483647</string>
			<key>files</key>
			<array>
				<string>72E40188192BFFCE00354806</string>
				<string>72E401BF192C050F00354806</string>
				<string>72E401B8192C03AB00354806</string>
				<string>72E4017A192BFFCE00354806</string>
				<string>72E401B5192C03AB00354806</string>
				<string>72E401BA192C03AB00354806</string>
				<string>4F18596D1CAEBF7E0047DA74</string>
			</array>
			<key>isa</key>
			<string>PBXResourcesBuildPhase</string>
			<key>runOnlyForDeploymentPostprocessing</key>
			<string>0</string>
		</dict>
		<key>72E4016B192BFFCE00354806</key>
		<dict>
			<key>buildConfigurationList</key>
			<string>72E4019E192BFFCE00354806</string>
			<key>buildPhases</key>
			<array>
				<string>752D8D77EC084BF48FDF1ABA</string>
				<string>72E40168192BFFCE00354806</string>
				<string>72E40169192BFFCE00354806</string>
				<string>72E4016A192BFFCE00354806</string>
				<string>4B9C8C9081C641A7BD7325E1</string>
				<string>56527D868AA1535DCB8EEF05</string>
			</array>
			<key>buildRules</key>
			<array/>
			<key>dependencies</key>
			<array/>
			<key>isa</key>
			<string>PBXNativeTarget</string>
			<key>name</key>
			<string>RWTFlickrSearch</string>
			<key>productName</key>
			<string>RWTFlickrSearch</string>
			<key>productReference</key>
			<string>72E4016C192BFFCE00354806</string>
			<key>productType</key>
			<string>com.apple.product-type.application</string>
		</dict>
		<key>72E4016C192BFFCE00354806</key>
		<dict>
			<key>explicitFileType</key>
			<string>wrapper.application</string>
			<key>includeInIndex</key>
			<string>0</string>
			<key>isa</key>
			<string>PBXFileReference</string>
			<key>path</key>
			<string>RWTFlickrSearch.app</string>
			<key>sourceTree</key>
			<string>BUILT_PRODUCTS_DIR</string>
		</dict>
		<key>72E4016D192BFFCE00354806</key>
		<dict>
			<key>children</key>
			<array>
				<string>72E4016C192BFFCE00354806</string>
				<string>72E4018D192BFFCE00354806</string>
			</array>
			<key>isa</key>
			<string>PBXGroup</string>
			<key>name</key>
			<string>Products</string>
			<key>sourceTree</key>
			<string>&lt;group&gt;</string>
		</dict>
		<key>72E4016E192BFFCE00354806</key>
		<dict>
			<key>children</key>
			<array>
				<string>72E4016F192BFFCE00354806</string>
				<string>72E40171192BFFCE00354806</string>
				<string>72E40173192BFFCE00354806</string>
				<string>72E4018E192BFFCE00354806</string>
				<string>688696C0108168A4C9C4A042</string>
			</array>
			<key>isa</key>
			<string>PBXGroup</string>
			<key>name</key>
			<string>Frameworks</string>
			<key>sourceTree</key>
			<string>&lt;group&gt;</string>
		</dict>
		<key>72E4016F192BFFCE00354806</key>
		<dict>
			<key>isa</key>
			<string>PBXFileReference</string>
			<key>lastKnownFileType</key>
			<string>wrapper.framework</string>
			<key>name</key>
			<string>Foundation.framework</string>
			<key>path</key>
			<string>System/Library/Frameworks/Foundation.framework</string>
			<key>sourceTree</key>
			<string>SDKROOT</string>
		</dict>
		<key>72E40170192BFFCE00354806</key>
		<dict>
			<key>fileRef</key>
			<string>72E4016F192BFFCE00354806</string>
			<key>isa</key>
			<string>PBXBuildFile</string>
		</dict>
		<key>72E40171192BFFCE00354806</key>
		<dict>
			<key>isa</key>
			<string>PBXFileReference</string>
			<key>lastKnownFileType</key>
			<string>wrapper.framework</string>
			<key>name</key>
			<string>CoreGraphics.framework</string>
			<key>path</key>
			<string>System/Library/Frameworks/CoreGraphics.framework</string>
			<key>sourceTree</key>
			<string>SDKROOT</string>
		</dict>
		<key>72E40172192BFFCE00354806</key>
		<dict>
			<key>fileRef</key>
			<string>72E40171192BFFCE00354806</string>
			<key>isa</key>
			<string>PBXBuildFile</string>
		</dict>
		<key>72E40173192BFFCE00354806</key>
		<dict>
			<key>isa</key>
			<string>PBXFileReference</string>
			<key>lastKnownFileType</key>
			<string>wrapper.framework</string>
			<key>name</key>
			<string>UIKit.framework</string>
			<key>path</key>
			<string>System/Library/Frameworks/UIKit.framework</string>
			<key>sourceTree</key>
			<string>SDKROOT</string>
		</dict>
		<key>72E40174192BFFCE00354806</key>
		<dict>
			<key>fileRef</key>
			<string>72E40173192BFFCE00354806</string>
			<key>isa</key>
			<string>PBXBuildFile</string>
		</dict>
		<key>72E40175192BFFCE00354806</key>
		<dict>
			<key>children</key>
			<array>
				<string>728550B1193E52510032A754</string>
				<string>72E401C1192C82CA00354806</string>
				<string>72E401C0192C82C100354806</string>
				<string>72E401A4192C03AB00354806</string>
				<string>72E4017E192BFFCE00354806</string>
				<string>72E4017F192BFFCE00354806</string>
				<string>4F18596C1CAEBF7E0047DA74</string>
				<string>72E40187192BFFCE00354806</string>
				<string>72E40176192BFFCE00354806</string>
			</array>
			<key>isa</key>
			<string>PBXGroup</string>
			<key>path</key>
			<string>RWTFlickrSearch</string>
			<key>sourceTree</key>
			<string>&lt;group&gt;</string>
		</dict>
		<key>72E40176192BFFCE00354806</key>
		<dict>
			<key>children</key>
			<array>
				<string>72E40177192BFFCE00354806</string>
				<string>72E40178192BFFCE00354806</string>
				<string>72E4017B192BFFCE00354806</string>
				<string>72E4017D192BFFCE00354806</string>
			</array>
			<key>isa</key>
			<string>PBXGroup</string>
			<key>name</key>
			<string>Supporting Files</string>
			<key>sourceTree</key>
			<string>&lt;group&gt;</string>
		</dict>
		<key>72E40177192BFFCE00354806</key>
		<dict>
			<key>isa</key>
			<string>PBXFileReference</string>
			<key>lastKnownFileType</key>
			<string>text.plist.xml</string>
			<key>path</key>
			<string>RWTFlickrSearch-Info.plist</string>
			<key>sourceTree</key>
			<string>&lt;group&gt;</string>
		</dict>
		<key>72E40178192BFFCE00354806</key>
		<dict>
			<key>children</key>
			<array>
				<string>72E40179192BFFCE00354806</string>
			</array>
			<key>isa</key>
			<string>PBXVariantGroup</string>
			<key>name</key>
			<string>InfoPlist.strings</string>
			<key>sourceTree</key>
			<string>&lt;group&gt;</string>
		</dict>
		<key>72E40179192BFFCE00354806</key>
		<dict>
			<key>isa</key>
			<string>PBXFileReference</string>
			<key>lastKnownFileType</key>
			<string>text.plist.strings</string>
			<key>name</key>
			<string>en</string>
			<key>path</key>
			<string>en.lproj/InfoPlist.strings</string>
			<key>sourceTree</key>
			<string>&lt;group&gt;</string>
		</dict>
		<key>72E4017A192BFFCE00354806</key>
		<dict>
			<key>fileRef</key>
			<string>72E40178192BFFCE00354806</string>
			<key>isa</key>
			<string>PBXBuildFile</string>
		</dict>
		<key>72E4017B192BFFCE00354806</key>
		<dict>
			<key>isa</key>
			<string>PBXFileReference</string>
			<key>lastKnownFileType</key>
			<string>sourcecode.c.objc</string>
			<key>path</key>
			<string>main.m</string>
			<key>sourceTree</key>
			<string>&lt;group&gt;</string>
		</dict>
		<key>72E4017C192BFFCE00354806</key>
		<dict>
			<key>fileRef</key>
			<string>72E4017B192BFFCE00354806</string>
			<key>isa</key>
			<string>PBXBuildFile</string>
		</dict>
		<key>72E4017D192BFFCE00354806</key>
		<dict>
			<key>isa</key>
			<string>PBXFileReference</string>
			<key>lastKnownFileType</key>
			<string>sourcecode.c.h</string>
			<key>path</key>
			<string>RWTFlickrSearch-Prefix.pch</string>
			<key>sourceTree</key>
			<string>&lt;group&gt;</string>
		</dict>
		<key>72E4017E192BFFCE00354806</key>
		<dict>
			<key>isa</key>
			<string>PBXFileReference</string>
			<key>lastKnownFileType</key>
			<string>sourcecode.c.h</string>
			<key>path</key>
			<string>RWTAppDelegate.h</string>
			<key>sourceTree</key>
			<string>&lt;group&gt;</string>
		</dict>
		<key>72E4017F192BFFCE00354806</key>
		<dict>
			<key>isa</key>
			<string>PBXFileReference</string>
			<key>lastKnownFileType</key>
			<string>sourcecode.c.objc</string>
			<key>path</key>
			<string>RWTAppDelegate.m</string>
			<key>sourceTree</key>
			<string>&lt;group&gt;</string>
		</dict>
		<key>72E40180192BFFCE00354806</key>
		<dict>
			<key>fileRef</key>
			<string>72E4017F192BFFCE00354806</string>
			<key>isa</key>
			<string>PBXBuildFile</string>
		</dict>
		<key>72E40187192BFFCE00354806</key>
		<dict>
			<key>isa</key>
			<string>PBXFileReference</string>
			<key>lastKnownFileType</key>
			<string>folder.assetcatalog</string>
			<key>path</key>
			<string>Images.xcassets</string>
			<key>sourceTree</key>
			<string>&lt;group&gt;</string>
		</dict>
		<key>72E40188192BFFCE00354806</key>
		<dict>
			<key>fileRef</key>
			<string>72E40187192BFFCE00354806</string>
			<key>isa</key>
			<string>PBXBuildFile</string>
		</dict>
		<key>72E40189192BFFCE00354806</key>
		<dict>
			<key>buildActionMask</key>
			<string>2147483647</string>
			<key>files</key>
			<array>
				<string>72E4019B192BFFCE00354806</string>
			</array>
			<key>isa</key>
			<string>PBXSourcesBuildPhase</string>
			<key>runOnlyForDeploymentPostprocessing</key>
			<string>0</string>
		</dict>
		<key>72E4018A192BFFCE00354806</key>
		<dict>
			<key>buildActionMask</key>
			<string>2147483647</string>
			<key>files</key>
			<array>
				<string>72E4018F192BFFCE00354806</string>
				<string>72E40191192BFFCE00354806</string>
				<string>72E40190192BFFCE00354806</string>
			</array>
			<key>isa</key>
			<string>PBXFrameworksBuildPhase</string>
			<key>runOnlyForDeploymentPostprocessing</key>
			<string>0</string>
		</dict>
		<key>72E4018B192BFFCE00354806</key>
		<dict>
			<key>buildActionMask</key>
			<string>2147483647</string>
			<key>files</key>
			<array>
				<string>72E40199192BFFCE00354806</string>
			</array>
			<key>isa</key>
			<string>PBXResourcesBuildPhase</string>
			<key>runOnlyForDeploymentPostprocessing</key>
			<string>0</string>
		</dict>
		<key>72E4018C192BFFCE00354806</key>
		<dict>
			<key>buildConfigurationList</key>
			<string>72E401A1192BFFCE00354806</string>
			<key>buildPhases</key>
			<array>
				<string>72E40189192BFFCE00354806</string>
				<string>72E4018A192BFFCE00354806</string>
				<string>72E4018B192BFFCE00354806</string>
			</array>
			<key>buildRules</key>
			<array/>
			<key>dependencies</key>
			<array>
				<string>72E40193192BFFCE00354806</string>
			</array>
			<key>isa</key>
			<string>PBXNativeTarget</string>
			<key>name</key>
			<string>RWTFlickrSearchTests</string>
			<key>productName</key>
			<string>RWTFlickrSearchTests</string>
			<key>productReference</key>
			<string>72E4018D192BFFCE00354806</string>
			<key>productType</key>
			<string>com.apple.product-type.bundle.unit-test</string>
		</dict>
		<key>72E4018D192BFFCE00354806</key>
		<dict>
			<key>explicitFileType</key>
			<string>wrapper.cfbundle</string>
			<key>includeInIndex</key>
			<string>0</string>
			<key>isa</key>
			<string>PBXFileReference</string>
			<key>path</key>
			<string>RWTFlickrSearchTests.xctest</string>
			<key>sourceTree</key>
			<string>BUILT_PRODUCTS_DIR</string>
		</dict>
		<key>72E4018E192BFFCE00354806</key>
		<dict>
			<key>isa</key>
			<string>PBXFileReference</string>
			<key>lastKnownFileType</key>
			<string>wrapper.framework</string>
			<key>name</key>
			<string>XCTest.framework</string>
			<key>path</key>
			<string>Library/Frameworks/XCTest.framework</string>
			<key>sourceTree</key>
			<string>DEVELOPER_DIR</string>
		</dict>
		<key>72E4018F192BFFCE00354806</key>
		<dict>
			<key>fileRef</key>
			<string>72E4018E192BFFCE00354806</string>
			<key>isa</key>
			<string>PBXBuildFile</string>
		</dict>
		<key>72E40190192BFFCE00354806</key>
		<dict>
			<key>fileRef</key>
			<string>72E4016F192BFFCE00354806</string>
			<key>isa</key>
			<string>PBXBuildFile</string>
		</dict>
		<key>72E40191192BFFCE00354806</key>
		<dict>
			<key>fileRef</key>
			<string>72E40173192BFFCE00354806</string>
			<key>isa</key>
			<string>PBXBuildFile</string>
		</dict>
		<key>72E40192192BFFCE00354806</key>
		<dict>
			<key>containerPortal</key>
			<string>72E40164192BFFCE00354806</string>
			<key>isa</key>
			<string>PBXContainerItemProxy</string>
			<key>proxyType</key>
			<string>1</string>
			<key>remoteGlobalIDString</key>
			<string>72E4016B192BFFCE00354806</string>
			<key>remoteInfo</key>
			<string>RWTFlickrSearch</string>
		</dict>
		<key>72E40193192BFFCE00354806</key>
		<dict>
			<key>isa</key>
			<string>PBXTargetDependency</string>
			<key>target</key>
			<string>72E4016B192BFFCE00354806</string>
			<key>targetProxy</key>
			<string>72E40192192BFFCE00354806</string>
		</dict>
		<key>72E40194192BFFCE00354806</key>
		<dict>
			<key>children</key>
			<array>
				<string>72E4019A192BFFCE00354806</string>
				<string>72E40195192BFFCE00354806</string>
			</array>
			<key>isa</key>
			<string>PBXGroup</string>
			<key>path</key>
			<string>RWTFlickrSearchTests</string>
			<key>sourceTree</key>
			<string>&lt;group&gt;</string>
		</dict>
		<key>72E40195192BFFCE00354806</key>
		<dict>
			<key>children</key>
			<array>
				<string>72E40196192BFFCE00354806</string>
				<string>72E40197192BFFCE00354806</string>
			</array>
			<key>isa</key>
			<string>PBXGroup</string>
			<key>name</key>
			<string>Supporting Files</string>
			<key>sourceTree</key>
			<string>&lt;group&gt;</string>
		</dict>
		<key>72E40196192BFFCE00354806</key>
		<dict>
			<key>isa</key>
			<string>PBXFileReference</string>
			<key>lastKnownFileType</key>
			<string>text.plist.xml</string>
			<key>path</key>
			<string>RWTFlickrSearchTests-Info.plist</string>
			<key>sourceTree</key>
			<string>&lt;group&gt;</string>
		</dict>
		<key>72E40197192BFFCE00354806</key>
		<dict>
			<key>children</key>
			<array>
				<string>72E40198192BFFCE00354806</string>
			</array>
			<key>isa</key>
			<string>PBXVariantGroup</string>
			<key>name</key>
			<string>InfoPlist.strings</string>
			<key>sourceTree</key>
			<string>&lt;group&gt;</string>
		</dict>
		<key>72E40198192BFFCE00354806</key>
		<dict>
			<key>isa</key>
			<string>PBXFileReference</string>
			<key>lastKnownFileType</key>
			<string>text.plist.strings</string>
			<key>name</key>
			<string>en</string>
			<key>path</key>
			<string>en.lproj/InfoPlist.strings</string>
			<key>sourceTree</key>
			<string>&lt;group&gt;</string>
		</dict>
		<key>72E40199192BFFCE00354806</key>
		<dict>
			<key>fileRef</key>
			<string>72E40197192BFFCE00354806</string>
			<key>isa</key>
			<string>PBXBuildFile</string>
		</dict>
		<key>72E4019A192BFFCE00354806</key>
		<dict>
			<key>isa</key>
			<string>PBXFileReference</string>
			<key>lastKnownFileType</key>
			<string>sourcecode.c.objc</string>
			<key>path</key>
			<string>RWTFlickrSearchTests.m</string>
			<key>sourceTree</key>
			<string>&lt;group&gt;</string>
		</dict>
		<key>72E4019B192BFFCE00354806</key>
		<dict>
			<key>fileRef</key>
			<string>72E4019A192BFFCE00354806</string>
			<key>isa</key>
			<string>PBXBuildFile</string>
		</dict>
		<key>72E4019C192BFFCE00354806</key>
		<dict>
			<key>buildSettings</key>
			<dict>
				<key>ALWAYS_SEARCH_USER_PATHS</key>
				<string>NO</string>
				<key>CLANG_CXX_LANGUAGE_STANDARD</key>
				<string>gnu++0x</string>
				<key>CLANG_CXX_LIBRARY</key>
				<string>libc++</string>
				<key>CLANG_ENABLE_MODULES</key>
				<string>YES</string>
				<key>CLANG_ENABLE_OBJC_ARC</key>
				<string>YES</string>
				<key>CLANG_WARN_BOOL_CONVERSION</key>
				<string>YES</string>
				<key>CLANG_WARN_CONSTANT_CONVERSION</key>
				<string>YES</string>
				<key>CLANG_WARN_DIRECT_OBJC_ISA_USAGE</key>
				<string>YES_ERROR</string>
				<key>CLANG_WARN_EMPTY_BODY</key>
				<string>YES</string>
				<key>CLANG_WARN_ENUM_CONVERSION</key>
				<string>YES</string>
				<key>CLANG_WARN_INT_CONVERSION</key>
				<string>YES</string>
				<key>CLANG_WARN_OBJC_ROOT_CLASS</key>
				<string>YES_ERROR</string>
				<key>CLANG_WARN__DUPLICATE_METHOD_MATCH</key>
				<string>YES</string>
				<key>CODE_SIGN_IDENTITY[sdk=iphoneos*]</key>
				<string>iPhone Developer</string>
				<key>COPY_PHASE_STRIP</key>
				<string>NO</string>
				<key>ENABLE_TESTABILITY</key>
				<string>YES</string>
				<key>GCC_C_LANGUAGE_STANDARD</key>
				<string>gnu99</string>
				<key>GCC_DYNAMIC_NO_PIC</key>
				<string>NO</string>
				<key>GCC_OPTIMIZATION_LEVEL</key>
				<string>0</string>
				<key>GCC_PREPROCESSOR_DEFINITIONS</key>
				<array>
					<string>DEBUG=1</string>
					<string>$(inherited)</string>
				</array>
				<key>GCC_SYMBOLS_PRIVATE_EXTERN</key>
				<string>NO</string>
				<key>GCC_WARN_64_TO_32_BIT_CONVERSION</key>
				<string>YES</string>
				<key>GCC_WARN_ABOUT_RETURN_TYPE</key>
				<string>YES_ERROR</string>
				<key>GCC_WARN_UNDECLARED_SELECTOR</key>
				<string>YES</string>
				<key>GCC_WARN_UNINITIALIZED_AUTOS</key>
				<string>YES</string>
				<key>GCC_WARN_UNUSED_FUNCTION</key>
				<string>YES</string>
				<key>GCC_WARN_UNUSED_VARIABLE</key>
				<string>YES</string>
				<key>IPHONEOS_DEPLOYMENT_TARGET</key>
				<string>8.4</string>
				<key>ONLY_ACTIVE_ARCH</key>
				<string>YES</string>
				<key>SDKROOT</key>
				<string>iphoneos</string>
			</dict>
			<key>isa</key>
			<string>XCBuildConfiguration</string>
			<key>name</key>
			<string>Debug</string>
		</dict>
		<key>72E4019D192BFFCE00354806</key>
		<dict>
			<key>buildSettings</key>
			<dict>
				<key>ALWAYS_SEARCH_USER_PATHS</key>
				<string>NO</string>
				<key>CLANG_CXX_LANGUAGE_STANDARD</key>
				<string>gnu++0x</string>
				<key>CLANG_CXX_LIBRARY</key>
				<string>libc++</string>
				<key>CLANG_ENABLE_MODULES</key>
				<string>YES</string>
				<key>CLANG_ENABLE_OBJC_ARC</key>
				<string>YES</string>
				<key>CLANG_WARN_BOOL_CONVERSION</key>
				<string>YES</string>
				<key>CLANG_WARN_CONSTANT_CONVERSION</key>
				<string>YES</string>
				<key>CLANG_WARN_DIRECT_OBJC_ISA_USAGE</key>
				<string>YES_ERROR</string>
				<key>CLANG_WARN_EMPTY_BODY</key>
				<string>YES</string>
				<key>CLANG_WARN_ENUM_CONVERSION</key>
				<string>YES</string>
				<key>CLANG_WARN_INT_CONVERSION</key>
				<string>YES</string>
				<key>CLANG_WARN_OBJC_ROOT_CLASS</key>
				<string>YES_ERROR</string>
				<key>CLANG_WARN__DUPLICATE_METHOD_MATCH</key>
				<string>YES</string>
				<key>CODE_SIGN_IDENTITY[sdk=iphoneos*]</key>
				<string>iPhone Developer</string>
				<key>COPY_PHASE_STRIP</key>
				<string>YES</string>
				<key>ENABLE_NS_ASSERTIONS</key>
				<string>NO</string>
				<key>GCC_C_LANGUAGE_STANDARD</key>
				<string>gnu99</string>
				<key>GCC_WARN_64_TO_32_BIT_CONVERSION</key>
				<string>YES</string>
				<key>GCC_WARN_ABOUT_RETURN_TYPE</key>
				<string>YES_ERROR</string>
				<key>GCC_WARN_UNDECLARED_SELECTOR</key>
				<string>YES</string>
				<key>GCC_WARN_UNINITIALIZED_AUTOS</key>
				<string>YES</string>
				<key>GCC_WARN_UNUSED_FUNCTION</key>
				<string>YES</string>
				<key>GCC_WARN_UNUSED_VARIABLE</key>
				<string>YES</string>
				<key>IPHONEOS_DEPLOYMENT_TARGET</key>
				<string>8.4</string>
				<key>SDKROOT</key>
				<string>iphoneos</string>
				<key>VALIDATE_PRODUCT</key>
				<string>YES</string>
			</dict>
			<key>isa</key>
			<string>XCBuildConfiguration</string>
			<key>name</key>
			<string>Release</string>
		</dict>
		<key>72E4019E192BFFCE00354806</key>
		<dict>
			<key>buildConfigurations</key>
			<array>
				<string>72E4019F192BFFCE00354806</string>
				<string>72E401A0192BFFCE00354806</string>
			</array>
			<key>defaultConfigurationIsVisible</key>
			<string>0</string>
			<key>defaultConfigurationName</key>
			<string>Release</string>
			<key>isa</key>
			<string>XCConfigurationList</string>
		</dict>
		<key>72E4019F192BFFCE00354806</key>
		<dict>
			<key>baseConfigurationReference</key>
			<string>BFB3DC2249730365A638F60E</string>
			<key>buildSettings</key>
			<dict>
				<key>ASSETCATALOG_COMPILER_APPICON_NAME</key>
				<string>AppIcon</string>
				<key>GCC_PRECOMPILE_PREFIX_HEADER</key>
				<string>YES</string>
				<key>GCC_PREFIX_HEADER</key>
				<string>RWTFlickrSearch/RWTFlickrSearch-Prefix.pch</string>
				<key>INFOPLIST_FILE</key>
				<string>RWTFlickrSearch/RWTFlickrSearch-Info.plist</string>
				<key>PRODUCT_BUNDLE_IDENTIFIER</key>
				<string>com.razeware.${PRODUCT_NAME:rfc1034identifier}</string>
				<key>PRODUCT_NAME</key>
				<string>$(TARGET_NAME)</string>
				<key>WRAPPER_EXTENSION</key>
				<string>app</string>
			</dict>
			<key>isa</key>
			<string>XCBuildConfiguration</string>
			<key>name</key>
			<string>Debug</string>
		</dict>
		<key>72E401A0192BFFCE00354806</key>
		<dict>
			<key>baseConfigurationReference</key>
			<string>9ED7AE830D1A65F656337C54</string>
			<key>buildSettings</key>
			<dict>
				<key>ASSETCATALOG_COMPILER_APPICON_NAME</key>
				<string>AppIcon</string>
				<key>GCC_PRECOMPILE_PREFIX_HEADER</key>
				<string>YES</string>
				<key>GCC_PREFIX_HEADER</key>
				<string>RWTFlickrSearch/RWTFlickrSearch-Prefix.pch</string>
				<key>INFOPLIST_FILE</key>
				<string>RWTFlickrSearch/RWTFlickrSearch-Info.plist</string>
				<key>PRODUCT_BUNDLE_IDENTIFIER</key>
				<string>com.razeware.${PRODUCT_NAME:rfc1034identifier}</string>
				<key>PRODUCT_NAME</key>
				<string>$(TARGET_NAME)</string>
				<key>WRAPPER_EXTENSION</key>
				<string>app</string>
			</dict>
			<key>isa</key>
			<string>XCBuildConfiguration</string>
			<key>name</key>
			<string>Release</string>
		</dict>
		<key>72E401A1192BFFCE00354806</key>
		<dict>
			<key>buildConfigurations</key>
			<array>
				<string>72E401A2192BFFCE00354806</string>
				<string>72E401A3192BFFCE00354806</string>
			</array>
			<key>defaultConfigurationIsVisible</key>
			<string>0</string>
			<key>defaultConfigurationName</key>
			<string>Release</string>
			<key>isa</key>
			<string>XCConfigurationList</string>
		</dict>
		<key>72E401A2192BFFCE00354806</key>
		<dict>
			<key>buildSettings</key>
			<dict>
				<key>BUNDLE_LOADER</key>
				<string>$(BUILT_PRODUCTS_DIR)/RWTFlickrSearch.app/RWTFlickrSearch</string>
				<key>FRAMEWORK_SEARCH_PATHS</key>
				<array>
					<string>$(SDKROOT)/Developer/Library/Frameworks</string>
					<string>$(inherited)</string>
					<string>$(DEVELOPER_FRAMEWORKS_DIR)</string>
				</array>
				<key>GCC_PRECOMPILE_PREFIX_HEADER</key>
				<string>YES</string>
				<key>GCC_PREFIX_HEADER</key>
				<string>RWTFlickrSearch/RWTFlickrSearch-Prefix.pch</string>
				<key>GCC_PREPROCESSOR_DEFINITIONS</key>
				<array>
					<string>DEBUG=1</string>
					<string>$(inherited)</string>
				</array>
				<key>INFOPLIST_FILE</key>
				<string>RWTFlickrSearchTests/RWTFlickrSearchTests-Info.plist</string>
				<key>PRODUCT_BUNDLE_IDENTIFIER</key>
				<string>com.razeware.${PRODUCT_NAME:rfc1034identifier}</string>
				<key>PRODUCT_NAME</key>
				<string>$(TARGET_NAME)</string>
				<key>TEST_HOST</key>
				<string>$(BUNDLE_LOADER)</string>
				<key>WRAPPER_EXTENSION</key>
				<string>xctest</string>
			</dict>
			<key>isa</key>
			<string>XCBuildConfiguration</string>
			<key>name</key>
			<string>Debug</string>
		</dict>
		<key>72E401A3192BFFCE00354806</key>
		<dict>
			<key>buildSettings</key>
			<dict>
				<key>BUNDLE_LOADER</key>
				<string>$(BUILT_PRODUCTS_DIR)/RWTFlickrSearch.app/RWTFlickrSearch</string>
				<key>FRAMEWORK_SEARCH_PATHS</key>
				<array>
					<string>$(SDKROOT)/Developer/Library/Frameworks</string>
					<string>$(inherited)</string>
					<string>$(DEVELOPER_FRAMEWORKS_DIR)</string>
				</array>
				<key>GCC_PRECOMPILE_PREFIX_HEADER</key>
				<string>YES</string>
				<key>GCC_PREFIX_HEADER</key>
				<string>RWTFlickrSearch/RWTFlickrSearch-Prefix.pch</string>
				<key>INFOPLIST_FILE</key>
				<string>RWTFlickrSearchTests/RWTFlickrSearchTests-Info.plist</string>
				<key>PRODUCT_BUNDLE_IDENTIFIER</key>
				<string>com.razeware.${PRODUCT_NAME:rfc1034identifier}</string>
				<key>PRODUCT_NAME</key>
				<string>$(TARGET_NAME)</string>
				<key>TEST_HOST</key>
				<string>$(BUNDLE_LOADER)</string>
				<key>WRAPPER_EXTENSION</key>
				<string>xctest</string>
			</dict>
			<key>isa</key>
			<string>XCBuildConfiguration</string>
			<key>name</key>
			<string>Release</string>
		</dict>
		<key>72E401A4192C03AB00354806</key>
		<dict>
			<key>children</key>
			<array>
				<string>72E401BB192C050F00354806</string>
				<string>72E401BC192C050F00354806</string>
				<string>72E401BD192C050F00354806</string>
				<string>72E401A7192C03AB00354806</string>
				<string>72E401A8192C03AB00354806</string>
				<string>72E401A9192C03AB00354806</string>
				<string>72E401AC192C03AB00354806</string>
				<string>72E401AD192C03AB00354806</string>
				<string>72E401AE192C03AB00354806</string>
				<string>72E401AF192C03AB00354806</string>
				<string>72E401B0192C03AB00354806</string>
				<string>72E401B1192C03AB00354806</string>
			</array>
			<key>isa</key>
			<string>PBXGroup</string>
			<key>path</key>
			<string>View</string>
			<key>sourceTree</key>
			<string>&lt;group&gt;</string>
		</dict>
		<key>72E401A7192C03AB00354806</key>
		<dict>
			<key>fileEncoding</key>
			<string>4</string>
			<key>isa</key>
			<string>PBXFileReference</string>
			<key>lastKnownFileType</key>
			<string>sourcecode.c.h</string>
			<key>path</key>
			<string>RWTFlickrSearchViewController.h</string>
			<key>sourceTree</key>
			<string>&lt;group&gt;</string>
		</dict>
		<key>72E401A8192C03AB00354806</key>
		<dict>
			<key>fileEncoding</key>
			<string>4</string>
			<key>isa</key>
			<string>PBXFileReference</string>
			<key>lastKnownFileType</key>
			<string>sourcecode.c.objc</string>
			<key>path</key>
			<string>RWTFlickrSearchViewController.m</string>
			<key>sourceTree</key>
			<string>&lt;group&gt;</string>
		</dict>
		<key>72E401A9192C03AB00354806</key>
		<dict>
			<key>fileEncoding</key>
			<string>4</string>
			<key>isa</key>
			<string>PBXFileReference</string>
			<key>lastKnownFileType</key>
			<string>file.xib</string>
			<key>path</key>
			<string>RWTFlickrSearchViewController.xib</string>
			<key>sourceTree</key>
			<string>&lt;group&gt;</string>
		</dict>
		<key>72E401AC192C03AB00354806</key>
		<dict>
			<key>fileEncoding</key>
			<string>4</string>
			<key>isa</key>
			<string>PBXFileReference</string>
			<key>lastKnownFileType</key>
			<string>sourcecode.c.h</string>
			<key>path</key>
			<string>RWTRecentSearchItemTableViewCell.h</string>
			<key>sourceTree</key>
			<string>&lt;group&gt;</string>
		</dict>
		<key>72E401AD192C03AB00354806</key>
		<dict>
			<key>fileEncoding</key>
			<string>4</string>
			<key>isa</key>
			<string>PBXFileReference</string>
			<key>lastKnownFileType</key>
			<string>sourcecode.c.objc</string>
			<key>path</key>
			<string>RWTRecentSearchItemTableViewCell.m</string>
			<key>sourceTree</key>
			<string>&lt;group&gt;</string>
		</dict>
		<key>72E401AE192C03AB00354806</key>
		<dict>
			<key>fileEncoding</key>
			<string>4</string>
			<key>isa</key>
			<string>PBXFileReference</string>
			<key>lastKnownFileType</key>
			<string>file.xib</string>
			<key>path</key>
			<string>RWTRecentSearchItemTableViewCell.xib</string>
			<key>sourceTree</key>
			<string>&lt;group&gt;</string>
		</dict>
		<key>72E401AF192C03AB00354806</key>
		<dict>
			<key>fileEncoding</key>
			<string>4</string>
			<key>isa</key>
			<string>PBXFileReference</string>
			<key>lastKnownFileType</key>
			<string>sourcecode.c.h</string>
			<key>path</key>
			<string>RWTSearchResultsViewController.h</string>
			<key>sourceTree</key>
			<string>&lt;group&gt;</string>
		</dict>
		<key>72E401B0192C03AB00354806</key>
		<dict>
			<key>fileEncoding</key>
			<string>4</string>
			<key>isa</key>
			<string>PBXFileReference</string>
			<key>lastKnownFileType</key>
			<string>sourcecode.c.objc</string>
			<key>path</key>
			<string>RWTSearchResultsViewController.m</string>
			<key>sourceTree</key>
			<string>&lt;group&gt;</string>
		</dict>
		<key>72E401B1192C03AB00354806</key>
		<dict>
			<key>fileEncoding</key>
			<string>4</string>
			<key>isa</key>
			<string>PBXFileReference</string>
			<key>lastKnownFileType</key>
			<string>file.xib</string>
			<key>path</key>
			<string>RWTSearchResultsViewController.xib</string>
			<key>sourceTree</key>
			<string>&lt;group&gt;</string>
		</dict>
		<key>72E401B4192C03AB00354806</key>
		<dict>
			<key>fileRef</key>
			<string>72E401A8192C03AB00354806</string>
			<key>isa</key>
			<string>PBXBuildFile</string>
		</dict>
		<key>72E401B5192C03AB00354806</key>
		<dict>
			<key>fileRef</key>
			<string>72E401A9192C03AB00354806</string>
			<key>isa</key>
			<string>PBXBuildFile</string>
		</dict>
		<key>72E401B7192C03AB00354806</key>
		<dict>
			<key>fileRef</key>
			<string>72E401AD192C03AB00354806</string>
			<key>isa</key>
			<string>PBXBuildFile</string>
		</dict>
		<key>72E401B8192C03AB00354806</key>
		<dict>
			<key>fileRef</key>
			<string>72E401AE192C03AB00354806</string>
			<key>isa</key>
			<string>PBXBuildFile</string>
		</dict>
		<key>72E401B9192C03AB00354806</key>
		<dict>
			<key>fileRef</key>
			<string>72E401B0192C03AB00354806</string>
			<key>isa</key>
			<string>PBXBuildFile</string>
		</dict>
		<key>72E401BA192C03AB00354806</key>
		<dict>
			<key>fileRef</key>
			<string>72E401B1192C03AB00354806</string>
			<key>isa</key>
			<string>PBXBuildFile</string>
		</dict>
		<key>72E401BB192C050F00354806</key>
		<dict>
			<key>fileEncoding</key>
			<string>4</string>
			<key>isa</key>
			<string>PBXFileReference</string>
			<key>lastKnownFileType</key>
			<string>sourcecode.c.h</string>
			<key>path</key>
			<string>RWTSearchResultsTableViewCell.h</string>
			<key>sourceTree</key>
			<string>&lt;group&gt;</string>
		</dict>
		<key>72E401BC192C050F00354806</key>
		<dict>
			<key>fileEncoding</key>
			<string>4</string>
			<key>isa</key>
			<string>PBXFileReference</string>
			<key>lastKnownFileType</key>
			<string>sourcecode.c.objc</string>
			<key>path</key>
			<string>RWTSearchResultsTableViewCell.m</string>
			<key>sourceTree</key>
			<string>&lt;group&gt;</string>
		</dict>
		<key>72E401BD192C050F00354806</key>
		<dict>
			<key>fileEncoding</key>
			<string>4</string>
			<key>isa</key>
			<string>PBXFileReference</string>
			<key>lastKnownFileType</key>
			<string>file.xib</string>
			<key>path</key>
			<string>RWTSearchResultsTableViewCell.xib</string>
			<key>sourceTree</key>
			<string>&lt;group&gt;</string>
		</dict>
		<key>72E401BE192C050F00354806</key>
		<dict>
			<key>fileRef</key>
			<string>72E401BC192C050F00354806</string>
			<key>isa</key>
			<string>PBXBuildFile</string>
		</dict>
		<key>72E401BF192C050F00354806</key>
		<dict>
			<key>fileRef</key>
			<string>72E401BD192C050F00354806</string>
			<key>isa</key>
			<string>PBXBuildFile</string>
		</dict>
		<key>72E401C0192C82C100354806</key>
		<dict>
			<key>children</key>
			<array/>
			<key>isa</key>
			<string>PBXGroup</string>
			<key>path</key>
			<string>ViewModel</string>
			<key>sourceTree</key>
			<string>&lt;group&gt;</string>
		</dict>
		<key>72E401C1192C82CA00354806</key>
		<dict>
			<key>children</key>
			<array/>
			<key>isa</key>
			<string>PBXGroup</string>
			<key>path</key>
			<string>Model</string>
			<key>sourceTree</key>
			<string>&lt;group&gt;</string>
		</dict>
		<key>752D8D77EC084BF48FDF1ABA</key>
		<dict>
			<key>buildActionMask</key>
			<string>2147483647</string>
			<key>files</key>
			<array/>
			<key>inputPaths</key>
			<array/>
			<key>isa</key>
			<string>PBXShellScriptBuildPhase</string>
			<key>name</key>
			<string>Check Pods Manifest.lock</string>
			<key>outputPaths</key>
			<array/>
			<key>runOnlyForDeploymentPostprocessing</key>
			<string>0</string>
			<key>shellPath</key>
			<string>/bin/sh</string>
			<key>shellScript</key>
			<string>diff "${PODS_ROOT}/../Podfile.lock" "${PODS_ROOT}/Manifest.lock" &gt; /dev/null
if [[ $? != 0 ]] ; then
    cat &lt;&lt; EOM
error: The sandbox is not in sync with the Podfile.lock. Run 'pod install' or update your CocoaPods installation.
EOM
    exit 1
fi
</string>
			<key>showEnvVarsInLog</key>
			<string>0</string>
		</dict>
		<key>9ED7AE830D1A65F656337C54</key>
		<dict>
			<key>includeInIndex</key>
			<string>1</string>
			<key>isa</key>
			<string>PBXFileReference</string>
			<key>lastKnownFileType</key>
			<string>text.xcconfig</string>
			<key>name</key>
			<string>Pods.release.xcconfig</string>
			<key>path</key>
			<string>Pods/Target Support Files/Pods/Pods.release.xcconfig</string>
			<key>sourceTree</key>
			<string>&lt;group&gt;</string>
		</dict>
		<key>BFB3DC2249730365A638F60E</key>
		<dict>
			<key>includeInIndex</key>
			<string>1</string>
			<key>isa</key>
			<string>PBXFileReference</string>
			<key>lastKnownFileType</key>
			<string>text.xcconfig</string>
			<key>name</key>
			<string>Pods.debug.xcconfig</string>
			<key>path</key>
			<string>Pods/Target Support Files/Pods/Pods.debug.xcconfig</string>
			<key>sourceTree</key>
			<string>&lt;group&gt;</string>
		</dict>
	</dict>
	<key>rootObject</key>
	<string>72E40164192BFFCE00354806</string>
</dict>
</plist>
